
Microsoft Visual Studio Solution File, Format Version 12.00
# Visual Studio 15
VisualStudioVersion = 15.0.27703.2047
MinimumVisualStudioVersion = 10.0.40219.1
Project("{FAE04EC0-301F-11D3-BF4B-00C04F79EFBC}") = "app_crm", "app_crm\app_crm.csproj", "{CA66EA16-2F73-4327-BC9A-13149284D898}"
EndProject
Global
	GlobalSection(SolutionConfigurationPlatforms) = preSolution
		Debug|Any CPU = Debug|Any CPU
		Release|Any CPU = Release|Any CPU
	EndGlobalSection
	GlobalSection(ProjectConfigurationPlatforms) = postSolution
		{CA66EA16-2F73-4327-BC9A-13149284D898}.Debug|Any CPU.ActiveCfg = Debug|Any CPU
		{CA66EA16-2F73-4327-BC9A-13149284D898}.Debug|Any CPU.Build.0 = Debug|Any CPU
		{CA66EA16-2F73-4327-BC9A-13149284D898}.Release|Any CPU.ActiveCfg = Release|Any CPU
		{CA66EA16-2F73-4327-BC9A-13149284D898}.Release|Any CPU.Build.0 = Release|Any CPU
	EndGlobalSection
	GlobalSection(SolutionProperties) = preSolution
		HideSolutionNode = FALSE
	EndGlobalSection
	GlobalSection(ExtensibilityGlobals) = postSolution
		SolutionGuid = {3FA91656-5894-41A5-8B97-040AA4BDC50F}
	EndGlobalSection
EndGlobal
